{
  "name": "freesouls.cc",
  "version": "2.0.0",
  "lockfileVersion": 2,
  "requires": true,
  "packages": {
    "": {
      "name": "freesouls.cc",
      "version": "2.0.0",
      "hasInstallScript": true,
      "license": "CC-BY-4.0",
      "dependencies": {
        "milligram": "^1.2.4"
      },
      "devDependencies": {}
    },
    "node_modules/milligram": {
      "version": "1.4.1",
      "resolved": "https://registry.npmjs.org/milligram/-/milligram-1.4.1.tgz",
      "integrity": "sha512-RCgh/boHhcXWOUfKJWm3RJRoUeaEguoipDg0mJ31G0tFfvcpWMUlO1Zlqqr12K4kAXfDlllaidu0x7PaL2PTFg==",
      "dependencies": {
        "normalize.css": "~8.0.1"
      }
    },
    "node_modules/normalize.css": {
      "version": "8.0.1",
      "resolved": "https://registry.npmjs.org/normalize.css/-/normalize.css-8.0.1.tgz",
      "integrity": "sha512-qizSNPO93t1YUuUhP22btGOo3chcvDFqFaj2TRybP0DMxkHOCTYwp3n34fel4a31ORXy4m1Xq0Gyqpb5m33qIg=="
    }
  },
  "dependencies": {
    "milligram": {
      "version": "1.4.1",
      "resolved": "https://registry.npmjs.org/milligram/-/milligram-1.4.1.tgz",
      "integrity": "sha512-RCgh/boHhcXWOUfKJWm3RJRoUeaEguoipDg0mJ31G0tFfvcpWMUlO1Zlqqr12K4kAXfDlllaidu0x7PaL2PTFg==",
      "requires": {
        "normalize.css": "~8.0.1"
      }
    },
    "normalize.css": {
      "version": "8.0.1",
      "resolved": "https://registry.npmjs.org/normalize.css/-/normalize.css-8.0.1.tgz",
      "integrity": "sha512-qizSNPO93t1YUuUhP22btGOo3chcvDFqFaj2TRybP0DMxkHOCTYwp3n34fel4a31ORXy4m1Xq0Gyqpb5m33qIg=="
    }
  }
}
